
Microsoft Visual Studio Solution File, Format Version 12.00
# Visual Studio Version 17
VisualStudioVersion = 17.14.36202.13
MinimumVisualStudioVersion = 10.0.40219.1
Project("{FAE04EC0-301F-11D3-BF4B-00C04F79EFBC}") = "CapaEntidad", "CapaEntidad\CapaEntidad.csproj", "{A56F064C-0B2D-4E87-A7F6-FFC7E6D1DF20}"
EndProject
Project("{FAE04EC0-301F-11D3-BF4B-00C04F79EFBC}") = "CapaNegocio", "CapaNegocio\CapaNegocio.csproj", "{72BE37BE-C498-4841-AF4F-2F2021B5BBE2}"
EndProject
Project("{FAE04EC0-301F-11D3-BF4B-00C04F79EFBC}") = "CapaDatos", "CapaDatos\CapaDatos.csproj", "{F7CFBA1B-06A1-41CA-A622-32331C4B2B8C}"
EndProject
Project("{FAE04EC0-301F-11D3-BF4B-00C04F79EFBC}") = "MaxiKiosco", "MaxiKiosco\MaxiKiosco.csproj", "{F6F042CB-20D2-4B35-BBE4-157673A00CA7}"
EndProject
Global
	GlobalSection(SolutionConfigurationPlatforms) = preSolution
		Debug|Any CPU = Debug|Any CPU
		Release|Any CPU = Release|Any CPU
	EndGlobalSection
	GlobalSection(ProjectConfigurationPlatforms) = postSolution
		{A56F064C-0B2D-4E87-A7F6-FFC7E6D1DF20}.Debug|Any CPU.ActiveCfg = Debug|Any CPU
		{A56F064C-0B2D-4E87-A7F6-FFC7E6D1DF20}.Debug|Any CPU.Build.0 = Debug|Any CPU
		{A56F064C-0B2D-4E87-A7F6-FFC7E6D1DF20}.Release|Any CPU.ActiveCfg = Release|Any CPU
		{A56F064C-0B2D-4E87-A7F6-FFC7E6D1DF20}.Release|Any CPU.Build.0 = Release|Any CPU
		{72BE37BE-C498-4841-AF4F-2F2021B5BBE2}.Debug|Any CPU.ActiveCfg = Debug|Any CPU
		{72BE37BE-C498-4841-AF4F-2F2021B5BBE2}.Debug|Any CPU.Build.0 = Debug|Any CPU
		{72BE37BE-C498-4841-AF4F-2F2021B5BBE2}.Release|Any CPU.ActiveCfg = Release|Any CPU
		{72BE37BE-C498-4841-AF4F-2F2021B5BBE2}.Release|Any CPU.Build.0 = Release|Any CPU
		{F7CFBA1B-06A1-41CA-A622-32331C4B2B8C}.Debug|Any CPU.ActiveCfg = Debug|Any CPU
		{F7CFBA1B-06A1-41CA-A622-32331C4B2B8C}.Debug|Any CPU.Build.0 = Debug|Any CPU
		{F7CFBA1B-06A1-41CA-A622-32331C4B2B8C}.Release|Any CPU.ActiveCfg = Release|Any CPU
		{F7CFBA1B-06A1-41CA-A622-32331C4B2B8C}.Release|Any CPU.Build.0 = Release|Any CPU
		{F6F042CB-20D2-4B35-BBE4-157673A00CA7}.Debug|Any CPU.ActiveCfg = Debug|Any CPU
		{F6F042CB-20D2-4B35-BBE4-157673A00CA7}.Debug|Any CPU.Build.0 = Debug|Any CPU
		{F6F042CB-20D2-4B35-BBE4-157673A00CA7}.Release|Any CPU.ActiveCfg = Release|Any CPU
		{F6F042CB-20D2-4B35-BBE4-157673A00CA7}.Release|Any CPU.Build.0 = Release|Any CPU
	EndGlobalSection
	GlobalSection(SolutionProperties) = preSolution
		HideSolutionNode = FALSE
	EndGlobalSection
	GlobalSection(ExtensibilityGlobals) = postSolution
		SolutionGuid = {DB0BE699-2F39-4291-9C07-94B053213DA0}
	EndGlobalSection
EndGlobal
